
Microsoft Visual Studio Solution File, Format Version 12.00
Project("{FAE04EC0-301F-11D3-BF4B-00C04F79EFBC}") = "DivergenceMeter", "DivergenceMeter\DivergenceMeter.csproj", "{632C42D3-0BFA-40BA-ABDB-23884A615D63}"
EndProject
Global
	GlobalSection(SolutionConfigurationPlatforms) = preSolution
		Debug|Any CPU = Debug|Any CPU
		Release|Any CPU = Release|Any CPU
	EndGlobalSection
	GlobalSection(ProjectConfigurationPlatforms) = postSolution
		{632C42D3-0BFA-40BA-ABDB-23884A615D63}.Debug|Any CPU.ActiveCfg = Debug|Any CPU
		{632C42D3-0BFA-40BA-ABDB-23884A615D63}.Debug|Any CPU.Build.0 = Debug|Any CPU
		{632C42D3-0BFA-40BA-ABDB-23884A615D63}.Release|Any CPU.ActiveCfg = Release|Any CPU
		{632C42D3-0BFA-40BA-ABDB-23884A615D63}.Release|Any CPU.Build.0 = Release|Any CPU
	EndGlobalSection
EndGlobal
