
Microsoft Visual Studio Solution File, Format Version 12.00
# Visual Studio Version 16
VisualStudioVersion = 16.0.30907.101
MinimumVisualStudioVersion = 10.0.40219.1
Project("{FAE04EC0-301F-11D3-BF4B-00C04F79EFBC}") = "DivergenceMeter", "DivergenceMeter\DivergenceMeter.csproj", "{1E642E11-C34E-469C-8AFA-177E842B12F6}"
EndProject
Global
	GlobalSection(SolutionConfigurationPlatforms) = preSolution
		Debug|Any CPU = Debug|Any CPU
		Release|Any CPU = Release|Any CPU
	EndGlobalSection
	GlobalSection(ProjectConfigurationPlatforms) = postSolution
		{1E642E11-C34E-469C-8AFA-177E842B12F6}.Debug|Any CPU.ActiveCfg = Debug|Any CPU
		{1E642E11-C34E-469C-8AFA-177E842B12F6}.Debug|Any CPU.Build.0 = Debug|Any CPU
		{1E642E11-C34E-469C-8AFA-177E842B12F6}.Release|Any CPU.ActiveCfg = Release|Any CPU
		{1E642E11-C34E-469C-8AFA-177E842B12F6}.Release|Any CPU.Build.0 = Release|Any CPU
	EndGlobalSection
	GlobalSection(SolutionProperties) = preSolution
		HideSolutionNode = FALSE
	EndGlobalSection
	GlobalSection(ExtensibilityGlobals) = postSolution
		SolutionGuid = {9BD80978-ACD5-4E1D-B433-E837942DDC31}
	EndGlobalSection
EndGlobal
